
Microsoft Visual Studio Solution File, Format Version 12.00
# Visual Studio Version 16
VisualStudioVersion = 16.0.30002.166
MinimumVisualStudioVersion = 10.0.40219.1
Project("{9A19103F-16F7-4668-BE54-9A1E7A4F7556}") = "MyDayApp", "MyDayApp\MyDayApp.csproj", "{2CCD0BC6-195A-4E95-B3C9-005C7DA64A47}"
EndProject
Project("{9A19103F-16F7-4668-BE54-9A1E7A4F7556}") = "MyDayApp.DataAccess", "MyDayApp.DataAccess\MyDayApp.DataAccess.csproj", "{2BFBEDBD-16BF-45D3-B821-A80058ED810C}"
EndProject
Project("{9A19103F-16F7-4668-BE54-9A1E7A4F7556}") = "MyDayApp.Models", "MyDayApp.Models\MyDayApp.Models.csproj", "{E3118026-BE85-48F9-A89E-EE99E8A8F0BC}"
EndProject
Project("{9A19103F-16F7-4668-BE54-9A1E7A4F7556}") = "MyDayApp.BusinessLogic", "MyDayApp.BusinessLogic\MyDayApp.BusinessLogic.csproj", "{2FC16D8C-37A0-4BC9-AD01-CCABB741C9B9}"
EndProject
Global
	GlobalSection(SolutionConfigurationPlatforms) = preSolution
		Debug|Any CPU = Debug|Any CPU
		Release|Any CPU = Release|Any CPU
	EndGlobalSection
	GlobalSection(ProjectConfigurationPlatforms) = postSolution
		{2CCD0BC6-195A-4E95-B3C9-005C7DA64A47}.Debug|Any CPU.ActiveCfg = Debug|Any CPU
		{2CCD0BC6-195A-4E95-B3C9-005C7DA64A47}.Debug|Any CPU.Build.0 = Debug|Any CPU
		{2CCD0BC6-195A-4E95-B3C9-005C7DA64A47}.Release|Any CPU.ActiveCfg = Release|Any CPU
		{2CCD0BC6-195A-4E95-B3C9-005C7DA64A47}.Release|Any CPU.Build.0 = Release|Any CPU
		{2BFBEDBD-16BF-45D3-B821-A80058ED810C}.Debug|Any CPU.ActiveCfg = Debug|Any CPU
		{2BFBEDBD-16BF-45D3-B821-A80058ED810C}.Debug|Any CPU.Build.0 = Debug|Any CPU
		{2BFBEDBD-16BF-45D3-B821-A80058ED810C}.Release|Any CPU.ActiveCfg = Release|Any CPU
		{2BFBEDBD-16BF-45D3-B821-A80058ED810C}.Release|Any CPU.Build.0 = Release|Any CPU
		{E3118026-BE85-48F9-A89E-EE99E8A8F0BC}.Debug|Any CPU.ActiveCfg = Debug|Any CPU
		{E3118026-BE85-48F9-A89E-EE99E8A8F0BC}.Debug|Any CPU.Build.0 = Debug|Any CPU
		{E3118026-BE85-48F9-A89E-EE99E8A8F0BC}.Release|Any CPU.ActiveCfg = Release|Any CPU
		{E3118026-BE85-48F9-A89E-EE99E8A8F0BC}.Release|Any CPU.Build.0 = Release|Any CPU
		{2FC16D8C-37A0-4BC9-AD01-CCABB741C9B9}.Debug|Any CPU.ActiveCfg = Debug|Any CPU
		{2FC16D8C-37A0-4BC9-AD01-CCABB741C9B9}.Debug|Any CPU.Build.0 = Debug|Any CPU
		{2FC16D8C-37A0-4BC9-AD01-CCABB741C9B9}.Release|Any CPU.ActiveCfg = Release|Any CPU
		{2FC16D8C-37A0-4BC9-AD01-CCABB741C9B9}.Release|Any CPU.Build.0 = Release|Any CPU
	EndGlobalSection
	GlobalSection(SolutionProperties) = preSolution
		HideSolutionNode = FALSE
	EndGlobalSection
	GlobalSection(ExtensibilityGlobals) = postSolution
		SolutionGuid = {0F92D14C-D1A7-4D89-9847-C02516025496}
	EndGlobalSection
EndGlobal
