
Microsoft Visual Studio Solution File, Format Version 12.00
# Visual Studio Version 16
VisualStudioVersion = 16.0.30002.166
MinimumVisualStudioVersion = 10.0.40219.1
Project("{FAE04EC0-301F-11D3-BF4B-00C04F79EFBC}") = "MyDayApp", "MyDayApp\MyDayApp.csproj", "{7FDF082E-132F-420D-801C-15022F195370}"
EndProject
Project("{FAE04EC0-301F-11D3-BF4B-00C04F79EFBC}") = "MyDayApp.Models", "MyDayApp.Models\MyDayApp.Models.csproj", "{9752662C-597F-4EE1-83D7-28087480AA7A}"
EndProject
Project("{FAE04EC0-301F-11D3-BF4B-00C04F79EFBC}") = "MyDayApp.DataAccess", "MyDayApp.DataAccess\MyDayApp.DataAccess.csproj", "{2063202E-6386-46DC-A2C9-D8CD9145C611}"
EndProject
Global
	GlobalSection(SolutionConfigurationPlatforms) = preSolution
		Debug|Any CPU = Debug|Any CPU
		Release|Any CPU = Release|Any CPU
	EndGlobalSection
	GlobalSection(ProjectConfigurationPlatforms) = postSolution
		{7FDF082E-132F-420D-801C-15022F195370}.Debug|Any CPU.ActiveCfg = Debug|Any CPU
		{7FDF082E-132F-420D-801C-15022F195370}.Debug|Any CPU.Build.0 = Debug|Any CPU
		{7FDF082E-132F-420D-801C-15022F195370}.Release|Any CPU.ActiveCfg = Release|Any CPU
		{7FDF082E-132F-420D-801C-15022F195370}.Release|Any CPU.Build.0 = Release|Any CPU
		{9752662C-597F-4EE1-83D7-28087480AA7A}.Debug|Any CPU.ActiveCfg = Debug|Any CPU
		{9752662C-597F-4EE1-83D7-28087480AA7A}.Debug|Any CPU.Build.0 = Debug|Any CPU
		{9752662C-597F-4EE1-83D7-28087480AA7A}.Release|Any CPU.ActiveCfg = Release|Any CPU
		{9752662C-597F-4EE1-83D7-28087480AA7A}.Release|Any CPU.Build.0 = Release|Any CPU
		{2063202E-6386-46DC-A2C9-D8CD9145C611}.Debug|Any CPU.ActiveCfg = Debug|Any CPU
		{2063202E-6386-46DC-A2C9-D8CD9145C611}.Debug|Any CPU.Build.0 = Debug|Any CPU
		{2063202E-6386-46DC-A2C9-D8CD9145C611}.Release|Any CPU.ActiveCfg = Release|Any CPU
		{2063202E-6386-46DC-A2C9-D8CD9145C611}.Release|Any CPU.Build.0 = Release|Any CPU
	EndGlobalSection
	GlobalSection(SolutionProperties) = preSolution
		HideSolutionNode = FALSE
	EndGlobalSection
	GlobalSection(ExtensibilityGlobals) = postSolution
		SolutionGuid = {A3AE9340-2C86-42D8-9B75-B2431EE4E083}
	EndGlobalSection
EndGlobal
